
Microsoft Visual Studio Solution File, Format Version 12.00
# Visual Studio Version 17
VisualStudioVersion = 17.8.34330.188
MinimumVisualStudioVersion = 10.0.40219.1
Project("{FAE04EC0-301F-11D3-BF4B-00C04F79EFBC}") = "InterbraApi", "InterbraApi\InterbraApi.csproj", "{83762169-31FE-4491-91B5-FFDE8FD9E098}"
EndProject
Global
	GlobalSection(SolutionConfigurationPlatforms) = preSolution
		Debug|Any CPU = Debug|Any CPU
		Release|Any CPU = Release|Any CPU
	EndGlobalSection
	GlobalSection(ProjectConfigurationPlatforms) = postSolution
		{83762169-31FE-4491-91B5-FFDE8FD9E098}.Debug|Any CPU.ActiveCfg = Debug|Any CPU
		{83762169-31FE-4491-91B5-FFDE8FD9E098}.Debug|Any CPU.Build.0 = Debug|Any CPU
		{83762169-31FE-4491-91B5-FFDE8FD9E098}.Release|Any CPU.ActiveCfg = Release|Any CPU
		{83762169-31FE-4491-91B5-FFDE8FD9E098}.Release|Any CPU.Build.0 = Release|Any CPU
	EndGlobalSection
	GlobalSection(SolutionProperties) = preSolution
		HideSolutionNode = FALSE
	EndGlobalSection
	GlobalSection(ExtensibilityGlobals) = postSolution
		SolutionGuid = {A1CE7961-4BA5-44C1-A811-8FC358D27F5E}
	EndGlobalSection
EndGlobal
